
Microsoft Visual Studio Solution File, Format Version 12.00
# Visual Studio Version 16
VisualStudioVersion = 16.0.29025.244
MinimumVisualStudioVersion = 10.0.40219.1
Project("{FAE04EC0-301F-11D3-BF4B-00C04F79EFBC}") = "ordersProject", "ordersProject\ordersProject.csproj", "{CCD75A51-1251-4BBA-B1BC-F33E0E2B7F1C}"
EndProject
Global
	GlobalSection(SolutionConfigurationPlatforms) = preSolution
		Debug|Any CPU = Debug|Any CPU
		Release|Any CPU = Release|Any CPU
	EndGlobalSection
	GlobalSection(ProjectConfigurationPlatforms) = postSolution
		{CCD75A51-1251-4BBA-B1BC-F33E0E2B7F1C}.Debug|Any CPU.ActiveCfg = Debug|Any CPU
		{CCD75A51-1251-4BBA-B1BC-F33E0E2B7F1C}.Debug|Any CPU.Build.0 = Debug|Any CPU
		{CCD75A51-1251-4BBA-B1BC-F33E0E2B7F1C}.Release|Any CPU.ActiveCfg = Release|Any CPU
		{CCD75A51-1251-4BBA-B1BC-F33E0E2B7F1C}.Release|Any CPU.Build.0 = Release|Any CPU
	EndGlobalSection
	GlobalSection(SolutionProperties) = preSolution
		HideSolutionNode = FALSE
	EndGlobalSection
	GlobalSection(ExtensibilityGlobals) = postSolution
		SolutionGuid = {5D729CD0-0B62-4FE4-87EF-46656AC8A99E}
	EndGlobalSection
EndGlobal
